
Microsoft Visual Studio Solution File, Format Version 12.00
# Visual Studio Version 16
VisualStudioVersion = 16.0.29424.173
MinimumVisualStudioVersion = 10.0.40219.1
Project("{FAE04EC0-301F-11D3-BF4B-00C04F79EFBC}") = "FractionLibrary", "FractionLibrary.csproj", "{00781062-872F-41FD-8488-ED1B710BF07B}"
EndProject
Global
	GlobalSection(SolutionConfigurationPlatforms) = preSolution
		Debug|Any CPU = Debug|Any CPU
		Release|Any CPU = Release|Any CPU
	EndGlobalSection
	GlobalSection(ProjectConfigurationPlatforms) = postSolution
		{00781062-872F-41FD-8488-ED1B710BF07B}.Debug|Any CPU.ActiveCfg = Debug|Any CPU
		{00781062-872F-41FD-8488-ED1B710BF07B}.Debug|Any CPU.Build.0 = Debug|Any CPU
		{00781062-872F-41FD-8488-ED1B710BF07B}.Release|Any CPU.ActiveCfg = Release|Any CPU
		{00781062-872F-41FD-8488-ED1B710BF07B}.Release|Any CPU.Build.0 = Release|Any CPU
	EndGlobalSection
	GlobalSection(SolutionProperties) = preSolution
		HideSolutionNode = FALSE
	EndGlobalSection
	GlobalSection(ExtensibilityGlobals) = postSolution
		SolutionGuid = {B6C14B87-4D2C-4ACA-BDAA-854C2B5A9F4F}
	EndGlobalSection
EndGlobal
